
Microsoft Visual Studio Solution File, Format Version 12.00
# Visual Studio 15
VisualStudioVersion = 15.0.28307.421
MinimumVisualStudioVersion = 10.0.40219.1
Project("{FAE04EC0-301F-11D3-BF4B-00C04F79EFBC}") = "WpfApp10", "WpfApp10.csproj", "{8C0FB39F-65E2-4CE6-A854-EE21D101ED34}"
EndProject
Global
	GlobalSection(SolutionConfigurationPlatforms) = preSolution
		Debug|Any CPU = Debug|Any CPU
		Release|Any CPU = Release|Any CPU
	EndGlobalSection
	GlobalSection(ProjectConfigurationPlatforms) = postSolution
		{8C0FB39F-65E2-4CE6-A854-EE21D101ED34}.Debug|Any CPU.ActiveCfg = Debug|Any CPU
		{8C0FB39F-65E2-4CE6-A854-EE21D101ED34}.Debug|Any CPU.Build.0 = Debug|Any CPU
		{8C0FB39F-65E2-4CE6-A854-EE21D101ED34}.Release|Any CPU.ActiveCfg = Release|Any CPU
		{8C0FB39F-65E2-4CE6-A854-EE21D101ED34}.Release|Any CPU.Build.0 = Release|Any CPU
		{12AB67DB-0B63-4EB2-8EFE-BD496A1B2CC6}.Debug|Any CPU.ActiveCfg = Debug|Any CPU
		{12AB67DB-0B63-4EB2-8EFE-BD496A1B2CC6}.Debug|Any CPU.Build.0 = Debug|Any CPU
		{12AB67DB-0B63-4EB2-8EFE-BD496A1B2CC6}.Release|Any CPU.ActiveCfg = Release|Any CPU
		{12AB67DB-0B63-4EB2-8EFE-BD496A1B2CC6}.Release|Any CPU.Build.0 = Release|Any CPU
	EndGlobalSection
	GlobalSection(SolutionProperties) = preSolution
		HideSolutionNode = FALSE
	EndGlobalSection
	GlobalSection(ExtensibilityGlobals) = postSolution
		SolutionGuid = {32D06AEF-5B07-4433-9734-BE0180B8CD44}
	EndGlobalSection
EndGlobal
